github.com/NarsilWorks-Inc/datahelperlite v0.0.0-20220926014247-4637d7c017b7 h1:3LDPID8cs7HNNg6d5kXI5PZAvEwy68Pnit/3Qyf2mrI=
github.com/NarsilWorks-Inc/datahelperlite v0.0.0-20220926014247-4637d7c017b7/go.mod h1:C43mDFvjQmMj9B1y428fD7B6kyLA45/q65L8AFNT8aE=
github.com/eaglebush/config v0.0.0-20220923090417-da8dd48fda37 h1:mlxRpfuOfcs4X72tLTz11JZKVhRYOjjFHdGwubkvJD0=
github.com/eaglebush/config v0.0.0-20220923090417-da8dd48fda37/go.mod h1:UkGigEfx+L8E6iSiy130RcUrBl3SV9DPbisdV212wf8=
github.com/eaglebush/filterbuilder v0.0.0-20221005043659-9500e1747f18 h1:qzbJJl9yDNMeTxzsm9LOOhBEbzM6IFL8xFhbVfHwPcQ=
github.com/eaglebush/filterbuilder v0.0.0-20221005043659-9500e1747f18/go.mod h1:QuXIws8SD6Snt76BkjsnfKemgWwkfDmB9meFX7sepJU=
github.com/shopspring/decimal v1.3.1 h1:2Usl1nmF/WZucqkFZhnfFYxxxu8LG21F6nPQBE5gKV8=
github.com/shopspring/decimal v1.3.1/go.mod h1:DKyhrW/HYNuLGql+MJL6WCR6knT2jwCFRcu2hWCYk4o=
golang.org/x/exp v0.0.0-20221004215720-b9f4876ce741 h1:fGZugkZk2UgYBxtpKmvub51Yno1LJDeEsRp2xGD+0gY=
golang.org/x/exp v0.0.0-20221004215720-b9f4876ce741/go.mod h1:cyybsKvd6eL0RnXn6p/Grxp8F5bW7iYuBgsNCOHpMYE=
