github.com/NarsilWorks-Inc/datahelperlite v0.0.0-20230211015411-c613da757797 h1:0WAGKH2hBhsRpqbDvIIyxE4l5hGVw0oVEemxbij2h9s=
github.com/NarsilWorks-Inc/datahelperlite v0.0.0-20230211015411-c613da757797/go.mod h1:Cx/ktsv9PODpIaVB9P616mHrOoTGK+cdarafV7fL+iI=
github.com/eaglebush/config v0.0.0-20230211015309-a2d92644ff95 h1:Hm/9hybp+rDZa8aNGbnXI7iVc2RHUrRTrJk4Sp0PG7s=
github.com/eaglebush/config v0.0.0-20230211015309-a2d92644ff95/go.mod h1:UkGigEfx+L8E6iSiy130RcUrBl3SV9DPbisdV212wf8=
github.com/eaglebush/filterbuilder v0.0.0-20230211015838-d3e30baf8fa2 h1:IIUkR1noC3Fk6PTeWJjk5aKPOBfKZwSMWPvOpL+Bqpw=
github.com/eaglebush/filterbuilder v0.0.0-20230211015838-d3e30baf8fa2/go.mod h1:CFsCDo4tZIJ6qiWdR0ZQoVve9ilHdHgX4qBqQnok5H0=
github.com/shopspring/decimal v1.3.1 h1:2Usl1nmF/WZucqkFZhnfFYxxxu8LG21F6nPQBE5gKV8=
github.com/shopspring/decimal v1.3.1/go.mod h1:DKyhrW/HYNuLGql+MJL6WCR6knT2jwCFRcu2hWCYk4o=
golang.org/x/exp v0.0.0-20230210204819-062eb4c674ab h1:628ME69lBm9C6JY2wXhAph/yjN3jezx1z7BIDLUwxjo=
golang.org/x/exp v0.0.0-20230210204819-062eb4c674ab/go.mod h1:CxIveKay+FTh1D0yPZemJVgC/95VzuuOLq5Qi4xnoYc=
